{
  "nodes": {
    "home-manager": {
      "inputs": {
        "nixpkgs": "nixpkgs"
      },
      "locked": {
        "lastModified": 1740347597,
        "narHash": "sha256-st5q9egkPGz8TUcVVlIQX7y6G3AzHob+6M963bwVq74=",
        "owner": "nix-community",
        "repo": "home-manager",
        "rev": "12e26a74e5eb1a31e13daaa08858689e25ebd449",
        "type": "github"
      },
      "original": {
        "id": "home-manager",
        "type": "indirect"
      }
    },
    "nixpkgs": {
      "locked": {
        "lastModified": 1739736696,
        "narHash": "sha256-zON2GNBkzsIyALlOCFiEBcIjI4w38GYOb+P+R4S8Jsw=",
        "owner": "NixOS",
        "repo": "nixpkgs",
        "rev": "d74a2335ac9c133d6bbec9fc98d91a77f1604c1f",
        "type": "github"
      },
      "original": {
        "owner": "NixOS",
        "ref": "nixos-unstable",
        "repo": "nixpkgs",
        "type": "github"
      }
    },
    "nixpkgs_2": {
      "locked": {
        "lastModified": 1740019556,
        "narHash": "sha256-vn285HxnnlHLWnv59Og7muqECNMS33mWLM14soFIv2g=",
        "owner": "NixOS",
        "repo": "nixpkgs",
        "rev": "dad564433178067be1fbdfcce23b546254b6d641",
        "type": "github"
      },
      "original": {
        "id": "nixpkgs",
        "type": "indirect"
      }
    },
    "root": {
      "inputs": {
        "home-manager": "home-manager",
        "nixpkgs": "nixpkgs_2"
      }
    }
  },
  "root": "root",
  "version": 7
}
